{
  "version": 4,
  "terraform_version": "1.3.7",
  "serial": 203,
  "lineage": "0acd6e74-e43d-432b-a73c-ae3a427c8570",
  "outputs": {},
  "resources": [
    {
      "mode": "data",
      "type": "ibm_is_image",
      "name": "os",
      "provider": "provider[\"registry.terraform.io/ibm-cloud/ibm\"]",
      "instances": [
        {
          "schema_version": 0,
          "attributes": {
            "access_tags": [],
            "architecture": "amd64",
            "catalog_offering": [
              {
                "managed": false,
                "version": []
              }
            ],
            "checksum": "80c61388e07b75a42a090594fca6814e135d6306bddd9e7b01863738fcc17e90",
            "crn": "crn:v1:bluemix:public:is:jp-tok:a/811f8abfbd32425597dc7ba40da98fa6::image:r022-6a1e472c-94ef-45a0-b991-7cda4db9fdb6",
            "encryption": "none",
            "encryption_key": null,
            "id": "r022-6a1e472c-94ef-45a0-b991-7cda4db9fdb6",
            "identifier": null,
            "name": "ibm-centos-7-9-minimal-amd64-8",
            "os": "centos-7-amd64",
            "source_volume": null,
            "status": "available",
            "visibility": "public"
          },
          "sensitive_attributes": []
        }
      ]
    },
    {
      "mode": "data",
      "type": "ibm_is_security_group",
      "name": "debug-sg",
      "provider": "provider[\"registry.terraform.io/ibm-cloud/ibm\"]",
      "instances": [
        {
          "schema_version": 0,
          "attributes": {
            "access_tags": [],
            "crn": "crn:v1:bluemix:public:is:jp-tok:a/039dbe6794084c7cb514a276dd2345da::security-group:r022-41382e91-8173-413d-973c-22e612c33423",
            "id": "r022-41382e91-8173-413d-973c-22e612c33423",
            "name": "lamp-sg",
            "resource_controller_url": "https://cloud.ibm.com/vpc/network/securityGroups",
            "resource_crn": "crn:v1:bluemix:public:is:jp-tok:a/039dbe6794084c7cb514a276dd2345da::security-group:r022-41382e91-8173-413d-973c-22e612c33423",
            "resource_group_name": "Default",
            "resource_name": "lamp-sg",
            "rules": [
              {
                "code": 0,
                "direction": "inbound",
                "ip_version": "ipv4",
                "port_max": 80,
                "port_min": 80,
                "protocol": "tcp",
                "remote": "0.0.0.0/0",
                "rule_id": "",
                "type": 0
              },
              {
                "code": 0,
                "direction": "inbound",
                "ip_version": "ipv4",
                "port_max": 0,
                "port_min": 0,
                "protocol": "icmp",
                "remote": "0.0.0.0/0",
                "rule_id": "r022-9ddf47a5-7b81-4249-96d4-7089959f037e",
                "type": 0
              },
              {
                "code": 0,
                "direction": "inbound",
                "ip_version": "ipv4",
                "port_max": 22,
                "port_min": 22,
                "protocol": "tcp",
                "remote": "219.110.209.185",
                "rule_id": "",
                "type": 0
              },
              {
                "code": 0,
                "direction": "inbound",
                "ip_version": "ipv4",
                "port_max": 22,
                "port_min": 22,
                "protocol": "tcp",
                "remote": "129.41.57.0/29",
                "rule_id": "",
                "type": 0
              },
              {
                "code": 0,
                "direction": "inbound",
                "ip_version": "ipv4",
                "port_max": 6443,
                "port_min": 6443,
                "protocol": "tcp",
                "remote": "0.0.0.0/0",
                "rule_id": "",
                "type": 0
              },
              {
                "code": 0,
                "direction": "outbound",
                "ip_version": "ipv4",
                "port_max": 0,
                "port_min": 0,
                "protocol": "all",
                "remote": "0.0.0.0/0",
                "rule_id": "r022-d2896237-3fe9-4e10-9c9d-77b634e97ca4",
                "type": 0
              }
            ],
            "tags": [
              "schematics:us-south.workspace.cloud-workspace.d4d7428f"
            ],
            "vpc": "r022-2a5e39ab-75ff-4715-8cf5-74397712a8b7"
          },
          "sensitive_attributes": []
        }
      ]
    },
    {
      "mode": "data",
      "type": "ibm_is_ssh_key",
      "name": "takamura-key",
      "provider": "provider[\"registry.terraform.io/ibm-cloud/ibm\"]",
      "instances": [
        {
          "schema_version": 0,
          "attributes": {
            "access_tags": [],
            "crn": "crn:v1:bluemix:public:is:jp-tok:a/039dbe6794084c7cb514a276dd2345da::key:r022-c008636a-451e-43c9-9abf-03e6ce46c4b8",
            "fingerprint": "SHA256:KWwkksXB+0RA+ltq/Yd7erhAu31J9wpKM1a/pAYNLVI",
            "id": "r022-c008636a-451e-43c9-9abf-03e6ce46c4b8",
            "length": 4096,
            "name": "takamura-key",
            "public_key": "ssh-rsa AAAAB3NzaC1yc2EAAAADAQABAAACAQDQ8nIUMTJJ4JI9bu736RTL/XxYhL4QXMLB650r4e14v4bupNqWIF2Z9PdAKZuGU5HypGRnUkwfoHlfGWp8PJdtpoo1oskMZnvql3QXcTZ3doNI7gekamyNu7KSynAg+zcr8ta3YdC/TVPUIauS++mYnkfc6KVfMp7HuRoBQ0G6CH0w2KXDRsffdqJq7qPqDSpK8fSb/b9ijj73C3++doVeEsNLvOHO6PjStG7y2LTvgfxdcDFpEChOCC9l096Df4E6rH7UOV5OvrdCYcpIl4KHeX0uHjmTEoGPiWGPbBrIYZbYfvx4nio3sre7LkZIgVcAGp+c9Sn5XmetdAld3BzeNv+4eMWVOnGYCtCsH7tOMYMynPX9lDZNsiJJBRP1qB+YCwowo4jZ7cFn96OpJ3dM2oDY3WydFmtgoA0rnlnytdHPyCl4Wx22D0icGY/V9DMLeNOJuWFUQnbTI6KyP9Lb8FZ8+lfJ+IeLHvP9hLDP0P/3BqF6h3/4fvew9ts6HE0zaq+p+YqHLWylJEMWxJReQsi74gDTShhJOQatfTo8fVvKqvb9tBDwRNs9fmWcYerBitZtiCcX8yT/FZp143Pmztmvkx7c15eCtbfO2G65CRPwwae70Iz3BTAGykO4F2wXBBLkL56aJMTdNxtDx3GhBO2msGjYr32kQnQ3YQL9Lw==",
            "resource_controller_url": "https://cloud.ibm.com/vpc/compute/sshKeys",
            "resource_crn": "crn:v1:bluemix:public:is:jp-tok:a/039dbe6794084c7cb514a276dd2345da::key:r022-c008636a-451e-43c9-9abf-03e6ce46c4b8",
            "resource_group": null,
            "resource_group_name": "18347c8bc9e34fb7a62060cdd0df8b2a",
            "resource_name": "takamura-key",
            "type": "rsa"
          },
          "sensitive_attributes": []
        }
      ]
    },
    {
      "mode": "data",
      "type": "ibm_is_subnet",
      "name": "zone1",
      "provider": "provider[\"registry.terraform.io/ibm-cloud/ibm\"]",
      "instances": [
        {
          "schema_version": 0,
          "attributes": {
            "access_tags": [],
            "available_ipv4_address_count": 249,
            "crn": "crn:v1:bluemix:public:is:jp-tok-1:a/039dbe6794084c7cb514a276dd2345da::subnet:02e7-e578420d-2fc5-41dd-9e15-cf8f0385e8ac",
            "id": "02e7-e578420d-2fc5-41dd-9e15-cf8f0385e8ac",
            "identifier": null,
            "ipv4_cidr_block": "10.0.1.0/24",
            "name": "iac-vpc-subnet-zone1",
            "network_acl": "r022-7de3c450-cc87-4c33-ac75-c90f132a8a47",
            "public_gateway": "r022-5ee29a72-4c5d-4a18-bf22-f6aa167b59f8",
            "resource_controller_url": "https://cloud.ibm.com/vpc-ext/network/subnets",
            "resource_crn": "crn:v1:bluemix:public:is:jp-tok-1:a/039dbe6794084c7cb514a276dd2345da::subnet:02e7-e578420d-2fc5-41dd-9e15-cf8f0385e8ac",
            "resource_group": "d072b8a4c0a741ef999dd97caa434fc5",
            "resource_group_name": "Default",
            "resource_name": "iac-vpc-subnet-zone1",
            "resource_status": "available",
            "routing_table": [
              {
                "deleted": [],
                "href": "https://jp-tok.iaas.cloud.ibm.com/v1/vpcs/r022-2a5e39ab-75ff-4715-8cf5-74397712a8b7/routing_tables/r022-bc828fb2-23ef-46ed-9351-ba03b577dbd2",
                "id": "r022-bc828fb2-23ef-46ed-9351-ba03b577dbd2",
                "name": "escapable-helpless-daytime-oversweet",
                "resource_type": "routing_table"
              }
            ],
            "status": "available",
            "tags": [
              "schematics:us-south.workspace.cloud-workspace.d4d7428f"
            ],
            "total_ipv4_address_count": 256,
            "vpc": "r022-2a5e39ab-75ff-4715-8cf5-74397712a8b7",
            "vpc_name": "iac-vpc",
            "zone": "jp-tok-1"
          },
          "sensitive_attributes": []
        }
      ]
    },
    {
      "mode": "data",
      "type": "ibm_is_vpc",
      "name": "vpc",
      "provider": "provider[\"registry.terraform.io/ibm-cloud/ibm\"]",
      "instances": [
        {
          "schema_version": 0,
          "attributes": {
            "access_tags": [],
            "classic_access": false,
            "crn": "crn:v1:bluemix:public:is:jp-tok:a/039dbe6794084c7cb514a276dd2345da::vpc:r022-2a5e39ab-75ff-4715-8cf5-74397712a8b7",
            "cse_source_addresses": [
              {
                "address": "10.223.197.211",
                "zone_name": "jp-tok-1"
              },
              {
                "address": "10.223.200.162",
                "zone_name": "jp-tok-2"
              },
              {
                "address": "10.223.221.38",
                "zone_name": "jp-tok-3"
              }
            ],
            "default_network_acl": "r022-7de3c450-cc87-4c33-ac75-c90f132a8a47",
            "default_network_acl_crn": "crn:v1:bluemix:public:is:jp-tok:a/039dbe6794084c7cb514a276dd2345da::network-acl:r022-7de3c450-cc87-4c33-ac75-c90f132a8a47",
            "default_network_acl_name": "amaryllis-sandworm-broadside-tinderbox",
            "default_routing_table": "r022-bc828fb2-23ef-46ed-9351-ba03b577dbd2",
            "default_routing_table_name": "escapable-helpless-daytime-oversweet",
            "default_security_group": "r022-46a58680-d9e6-4030-8f23-1c7486801585",
            "default_security_group_crn": "crn:v1:bluemix:public:is:jp-tok:a/039dbe6794084c7cb514a276dd2345da::security-group:r022-46a58680-d9e6-4030-8f23-1c7486801585",
            "default_security_group_name": "crushing-aflutter-footpath-financial",
            "id": "r022-2a5e39ab-75ff-4715-8cf5-74397712a8b7",
            "identifier": "r022-2a5e39ab-75ff-4715-8cf5-74397712a8b7",
            "name": "iac-vpc",
            "resource_controller_url": "https://cloud.ibm.com/vpc-ext/network/vpcs",
            "resource_crn": "crn:v1:bluemix:public:is:jp-tok:a/039dbe6794084c7cb514a276dd2345da::vpc:r022-2a5e39ab-75ff-4715-8cf5-74397712a8b7",
            "resource_group": "d072b8a4c0a741ef999dd97caa434fc5",
            "resource_group_name": "Default",
            "resource_name": "iac-vpc",
            "resource_status": "available",
            "security_group": [
              {
                "group_id": "r022-41382e91-8173-413d-973c-22e612c33423",
                "group_name": "lamp-sg",
                "rules": [
                  {
                    "code": 0,
                    "direction": "inbound",
                    "ip_version": "ipv4",
                    "port_max": 80,
                    "port_min": 80,
                    "protocol": "tcp",
                    "remote": "0.0.0.0/0",
                    "rule_id": "r022-0a042b5d-b9c1-45a4-bf26-0907911f60a6",
                    "type": 0
                  },
                  {
                    "code": 0,
                    "direction": "inbound",
                    "ip_version": "ipv4",
                    "port_max": 0,
                    "port_min": 0,
                    "protocol": "icmp",
                    "remote": "0.0.0.0/0",
                    "rule_id": "r022-9ddf47a5-7b81-4249-96d4-7089959f037e",
                    "type": 0
                  },
                  {
                    "code": 0,
                    "direction": "inbound",
                    "ip_version": "ipv4",
                    "port_max": 22,
                    "port_min": 22,
                    "protocol": "tcp",
                    "remote": "219.110.209.185",
                    "rule_id": "r022-cfa7fa4a-f159-4994-907c-855bb86e03c7",
                    "type": 0
                  },
                  {
                    "code": 0,
                    "direction": "inbound",
                    "ip_version": "ipv4",
                    "port_max": 22,
                    "port_min": 22,
                    "protocol": "tcp",
                    "remote": "129.41.57.0/29",
                    "rule_id": "r022-f684958b-61b1-4c92-a872-2d81fa8e5a70",
                    "type": 0
                  },
                  {
                    "code": 0,
                    "direction": "inbound",
                    "ip_version": "ipv4",
                    "port_max": 6443,
                    "port_min": 6443,
                    "protocol": "tcp",
                    "remote": "0.0.0.0/0",
                    "rule_id": "r022-b84dde04-7832-4ce0-83ba-a6fe80c8a7b3",
                    "type": 0
                  },
                  {
                    "code": 0,
                    "direction": "outbound",
                    "ip_version": "ipv4",
                    "port_max": 0,
                    "port_min": 0,
                    "protocol": "all",
                    "remote": "0.0.0.0/0",
                    "rule_id": "r022-d2896237-3fe9-4e10-9c9d-77b634e97ca4",
                    "type": 0
                  }
                ]
              },
              {
                "group_id": "r022-46a58680-d9e6-4030-8f23-1c7486801585",
                "group_name": "crushing-aflutter-footpath-financial",
                "rules": [
                  {
                    "code": 0,
                    "direction": "outbound",
                    "ip_version": "ipv4",
                    "port_max": 0,
                    "port_min": 0,
                    "protocol": "all",
                    "remote": "0.0.0.0/0",
                    "rule_id": "r022-2c16f5e6-30e0-41bd-a3c7-deb4878288a3",
                    "type": 0
                  },
                  {
                    "code": 0,
                    "direction": "inbound",
                    "ip_version": "ipv4",
                    "port_max": 0,
                    "port_min": 0,
                    "protocol": "all",
                    "remote": "r022-46a58680-d9e6-4030-8f23-1c7486801585",
                    "rule_id": "r022-b69ab1dd-9717-4aec-97fc-73d8eaacf06d",
                    "type": 0
                  }
                ]
              }
            ],
            "status": "available",
            "subnets": [
              {
                "available_ipv4_address_count": 249,
                "id": "02e7-e578420d-2fc5-41dd-9e15-cf8f0385e8ac",
                "name": "iac-vpc-subnet-zone1",
                "status": "available",
                "total_ipv4_address_count": 256,
                "zone": "jp-tok-1"
              }
            ],
            "tags": [
              "schematics:us-south.workspace.cloud-workspace.d4d7428f",
              "terraform"
            ]
          },
          "sensitive_attributes": []
        }
      ]
    },
    {
      "mode": "data",
      "type": "ibm_resource_group",
      "name": "this",
      "provider": "provider[\"registry.terraform.io/ibm-cloud/ibm\"]",
      "instances": [
        {
          "schema_version": 0,
          "attributes": {
            "account_id": "039dbe6794084c7cb514a276dd2345da",
            "created_at": "2023-01-12T16:12:40.652Z",
            "crn": "crn:v1:bluemix:public:resource-controller::a/039dbe6794084c7cb514a276dd2345da::resource-group:5cc129cad9884358b9772c60b9abc7ec",
            "id": "5cc129cad9884358b9772c60b9abc7ec",
            "is_default": false,
            "name": "demo-common",
            "payment_methods_url": null,
            "quota_id": "a3d7b8d01e261c24677937c29ab33f3c",
            "quota_url": "/v2/quota_definitions/a3d7b8d01e261c24677937c29ab33f3c",
            "resource_linkages": [],
            "state": "ACTIVE",
            "teams_url": null,
            "updated_at": "2023-01-12T16:12:40.652Z"
          },
          "sensitive_attributes": []
        }
      ]
    },
    {
      "mode": "managed",
      "type": "ibm_is_floating_ip",
      "name": "iac-fip",
      "provider": "provider[\"registry.terraform.io/ibm-cloud/ibm\"]",
      "instances": [
        {
          "schema_version": 0,
          "attributes": {
            "access_tags": [],
            "address": "162.133.130.167",
            "crn": "crn:v1:bluemix:public:is:jp-tok-1:a/039dbe6794084c7cb514a276dd2345da::floating-ip:r022-57defb50-00fc-41d7-9aaf-46ee5602b264",
            "id": "r022-57defb50-00fc-41d7-9aaf-46ee5602b264",
            "name": "iac-floating-ip-debug",
            "resource_controller_url": "https://cloud.ibm.com/vpc-ext/network/floatingIPs",
            "resource_crn": "crn:v1:bluemix:public:is:jp-tok-1:a/039dbe6794084c7cb514a276dd2345da::floating-ip:r022-57defb50-00fc-41d7-9aaf-46ee5602b264",
            "resource_group": "d072b8a4c0a741ef999dd97caa434fc5",
            "resource_group_name": "Default",
            "resource_name": "iac-floating-ip-debug",
            "resource_status": "available",
            "status": "available",
            "tags": [],
            "target": "02e7-9a979c39-f93f-47eb-a8aa-9deb68f2fce5",
            "target_list": [
              {
                "crn": "",
                "deleted": [],
                "href": "https://jp-tok.iaas.cloud.ibm.com/v1/instances/02e7_062b9309-1b05-4e32-a9d1-fbe087af7b1d/network_interfaces/02e7-9a979c39-f93f-47eb-a8aa-9deb68f2fce5",
                "id": "02e7-9a979c39-f93f-47eb-a8aa-9deb68f2fce5",
                "name": "statue-chemist-onion-unadvised",
                "primary_ip": [
                  {
                    "address": "0.0.0.0",
                    "href": "https://cloud.ibm.com/instances/7392_ee629629-8fe9-414f-9298-256d2343a490/network_interface/7392_6d35c24f-a3e1-42e2-bd8b-d8a54066253e/reservedip-todo",
                    "name": "de162299-7c6c-47f3-b483-8acd6f3d3ee9",
                    "reserved_ip": "de162299-7c6c-47f3-b483-8acd6f3d3ee9",
                    "resource_type": "subnet_reserved_ip"
                  }
                ],
                "resource_type": "network_interface"
              }
            ],
            "timeouts": null,
            "zone": "jp-tok-1"
          },
          "sensitive_attributes": [],
          "private": "eyJlMmJmYjczMC1lY2FhLTExZTYtOGY4OC0zNDM2M2JjN2M0YzAiOnsiY3JlYXRlIjo2MDAwMDAwMDAwMDAsImRlbGV0ZSI6NjAwMDAwMDAwMDAwfX0=",
          "dependencies": [
            "data.ibm_is_image.os",
            "data.ibm_is_security_group.debug-sg",
            "data.ibm_is_ssh_key.takamura-key",
            "data.ibm_is_subnet.zone1",
            "data.ibm_is_vpc.vpc",
            "data.ibm_resource_group.this",
            "ibm_is_instance.virtual_instance"
          ]
        }
      ]
    },
    {
      "mode": "managed",
      "type": "ibm_is_instance",
      "name": "virtual_instance",
      "provider": "provider[\"registry.terraform.io/ibm-cloud/ibm\"]",
      "instances": [
        {
          "schema_version": 0,
          "attributes": {
            "access_tags": [],
            "action": null,
            "auto_delete_volume": null,
            "availability_policy_host_failure": "restart",
            "bandwidth": 4000,
            "boot_volume": [
              {
                "auto_delete_volume": true,
                "encryption": "",
                "iops": 3000,
                "name": "rehydrate-unhappy-cahoots-exposable",
                "profile": "general-purpose",
                "size": 100,
                "snapshot": "",
                "tags": [],
                "volume_id": "r022-6629866e-2829-4ca4-bd78-c82f0dd506d1"
              }
            ],
            "catalog_offering": [],
            "crn": "crn:v1:bluemix:public:is:jp-tok-1:a/039dbe6794084c7cb514a276dd2345da::instance:02e7_062b9309-1b05-4e32-a9d1-fbe087af7b1d",
            "dedicated_host": null,
            "dedicated_host_group": null,
            "default_trusted_profile_auto_link": null,
            "default_trusted_profile_target": null,
            "disks": [],
            "force_action": false,
            "force_recovery_time": null,
            "gpu": [],
            "id": "02e7_062b9309-1b05-4e32-a9d1-fbe087af7b1d",
            "image": "r022-6a1e472c-94ef-45a0-b991-7cda4db9fdb6",
            "instance_template": null,
            "keys": [
              "r022-c008636a-451e-43c9-9abf-03e6ce46c4b8"
            ],
            "lifecycle_reasons": [],
            "lifecycle_state": "stable",
            "memory": 8,
            "metadata_service_enabled": false,
            "name": "iac-debug-instance",
            "network_interfaces": [],
            "placement_group": null,
            "placement_target": [],
            "primary_network_interface": [
              {
                "allow_ip_spoofing": false,
                "id": "02e7-9a979c39-f93f-47eb-a8aa-9deb68f2fce5",
                "name": "statue-chemist-onion-unadvised",
                "port_speed": 3000,
                "primary_ip": [
                  {
                    "address": "10.0.1.6",
                    "auto_delete": true,
                    "href": "https://jp-tok.iaas.cloud.ibm.com/v1/subnets/02e7-e578420d-2fc5-41dd-9e15-cf8f0385e8ac/reserved_ips/02e7-9cf386ec-2fa3-45a3-9c92-abc8629a864b",
                    "name": "panzer-disrupt-elevator-countless",
                    "reserved_ip": "02e7-9cf386ec-2fa3-45a3-9c92-abc8629a864b",
                    "resource_type": "subnet_reserved_ip"
                  }
                ],
                "primary_ipv4_address": "10.0.1.6",
                "security_groups": [
                  "r022-41382e91-8173-413d-973c-22e612c33423"
                ],
                "subnet": "02e7-e578420d-2fc5-41dd-9e15-cf8f0385e8ac"
              }
            ],
            "profile": "bx2-2x8",
            "resource_controller_url": "https://cloud.ibm.com/vpc-ext/compute/vs",
            "resource_crn": "crn:v1:bluemix:public:is:jp-tok-1:a/039dbe6794084c7cb514a276dd2345da::instance:02e7_062b9309-1b05-4e32-a9d1-fbe087af7b1d",
            "resource_group": "5cc129cad9884358b9772c60b9abc7ec",
            "resource_group_name": "demo-common",
            "resource_name": "iac-debug-instance",
            "resource_status": "running",
            "status": "running",
            "status_reasons": [],
            "tags": [],
            "timeouts": null,
            "total_network_bandwidth": 3000,
            "total_volume_bandwidth": 1000,
            "user_data": "#cloud-config\npackage_update: true\npackages:\n  - git\n    #- httpd\n    #- mariadb-server\n    #- mariadb\n    #- php\n    #- php-mysqlnd\nruncmd:\n  - git clone \"https://github.com/takasou777/php-test.git\"\n    #- systemctl start httpd.service\n    #- systemctl enable httpd.service\n    #- systemctl start mariadb\n    #- systemctl enable mariadb.service\n    #- cp /root/php-test/* /var/www/html\n    #- chmod 744 /var/www/html/*\n    #- sudo rpm --import https://repo.logdna.com/logdna.gpg\n    #- echo -e \"[logdna]\\nname=LogDNA packages\\nbaseurl=https://repo.logdna.com/el6/\\nenabled=1\\ngpgcheck=1\\ngpgkey=https://repo.logdna.com/logdna.gpg\" | sudo tee /etc/yum.repos.d/logdna.repo\n    #- sudo yum -y install logdna-agent\n    #- logdna-agent -k 013b9601afbb5f66186b5641138739be\n    #- systemctl start logdna-agent\n    #- systemctl enable logdna-agent\n    #- curl -sL https://ibm.biz/install-sysdig-agent | sudo bash -s -- -a b5a1ae50-5256-43fc-9b00-1a693fef3c9a -c ingest.jp-tok.monitoring.cloud.ibm.com --collector_port 6443 --secure true -ac \"sysdig_capture_enabled\":\" false\"\n",
            "vcpu": [
              {
                "architecture": "amd64",
                "count": 2
              }
            ],
            "volume_attachments": [
              {
                "id": "02e7-797cb06c-b509-4e90-85af-b1a2860b545e",
                "name": "capture-squeegee-outbreak-qualifier",
                "volume_crn": "crn:v1:bluemix:public:is:jp-tok-1:a/039dbe6794084c7cb514a276dd2345da::volume:r022-6629866e-2829-4ca4-bd78-c82f0dd506d1",
                "volume_id": "r022-6629866e-2829-4ca4-bd78-c82f0dd506d1",
                "volume_name": "rehydrate-unhappy-cahoots-exposable"
              }
            ],
            "volumes": null,
            "vpc": "r022-2a5e39ab-75ff-4715-8cf5-74397712a8b7",
            "wait_before_delete": true,
            "zone": "jp-tok-1"
          },
          "sensitive_attributes": [],
          "private": "eyJlMmJmYjczMC1lY2FhLTExZTYtOGY4OC0zNDM2M2JjN2M0YzAiOnsiY3JlYXRlIjoxODAwMDAwMDAwMDAwLCJkZWxldGUiOjE4MDAwMDAwMDAwMDAsInVwZGF0ZSI6MTgwMDAwMDAwMDAwMH19",
          "dependencies": [
            "data.ibm_is_image.os",
            "data.ibm_is_security_group.debug-sg",
            "data.ibm_is_ssh_key.takamura-key",
            "data.ibm_is_subnet.zone1",
            "data.ibm_is_vpc.vpc",
            "data.ibm_resource_group.this"
          ]
        }
      ]
    }
  ],
  "check_results": null
}
